<?xml version="1.0" encoding="utf-8"?>
<Project ToolsVersion="4.0" xmlns="http://schemas.microsoft.com/developer/msbuild/2003">
  <ItemGroup>
    <Filter Include="Fichiers d%27en-tête">
      <UniqueIdentifier>{93995380-89BD-4b04-88EB-625FBE52EBFB}</UniqueIdentifier>
      <Extensions>h;hh;hpp;hxx;hm;inl;inc;ipp;xsd</Extensions>
    </Filter>
    <Filter Include="Fichiers de ressources">
      <UniqueIdentifier>{67DA6AB6-F800-4c08-8B7A-83BB121AAD01}</UniqueIdentifier>
      <Extensions>rc;ico;cur;bmp;dlg;rc2;rct;bin;rgs;gif;jpg;jpeg;jpe;resx;tiff;tif;png;wav;mfcribbon-ms</Extensions>
    </Filter>
    <Filter Include="Fichiers Source">
      <UniqueIdentifier>{ae8f6a2c-4cf3-4ff5-93af-c776d51c0532}</UniqueIdentifier>
    </Filter>
  </ItemGroup>
  <ItemGroup>
    <Text Include="..\source\polyFood.txt">
      <Filter>Fichiers de ressources</Filter>
    </Text>
  </ItemGroup>
  <ItemGroup>
    <ClInclude Include="..\source\Boisson.h">
      <Filter>Fichiers d%27en-tête</Filter>
    </ClInclude>
    <ClInclude Include="..\source\Client.h">
      <Filter>Fichiers d%27en-tête</Filter>
    </ClInclude>
    <ClInclude Include="..\source\ClientOccasionnel.h">
      <Filter>Fichiers d%27en-tête</Filter>
    </ClInclude>
    <ClInclude Include="..\source\ClientPrestige.h">
      <Filter>Fichiers d%27en-tête</Filter>
    </ClInclude>
    <ClInclude Include="..\source\ClientRegulier.h">
      <Filter>Fichiers d%27en-tête</Filter>
    </ClInclude>
    <ClInclude Include="..\source\debogageMemoire.hpp">
      <Filter>Fichiers d%27en-tête</Filter>
    </ClInclude>
    <ClInclude Include="..\source\def.h">
      <Filter>Fichiers d%27en-tête</Filter>
    </ClInclude>
    <ClInclude Include="..\source\LectureFichierEnSections.h">
      <Filter>Fichiers d%27en-tête</Filter>
    </ClInclude>
    <ClInclude Include="..\source\Menu.h">
      <Filter>Fichiers d%27en-tête</Filter>
    </ClInclude>
    <ClInclude Include="..\source\Plat.h">
      <Filter>Fichiers d%27en-tête</Filter>
    </ClInclude>
    <ClInclude Include="..\source\PlatBio.h">
      <Filter>Fichiers d%27en-tête</Filter>
    </ClInclude>
    <ClInclude Include="..\source\PlatBioVege.h">
      <Filter>Fichiers d%27en-tête</Filter>
    </ClInclude>
    <ClInclude Include="..\source\PlatVege.h">
      <Filter>Fichiers d%27en-tête</Filter>
    </ClInclude>
    <ClInclude Include="..\source\pointers.h">
      <Filter>Fichiers d%27en-tête</Filter>
    </ClInclude>
    <ClInclude Include="..\source\Restaurant.h">
      <Filter>Fichiers d%27en-tête</Filter>
    </ClInclude>
    <ClInclude Include="..\source\Table.h">
      <Filter>Fichiers d%27en-tête</Filter>
    </ClInclude>
    <ClInclude Include="..\source\Taxable.h">
      <Filter>Fichiers d%27en-tête</Filter>
    </ClInclude>
    <ClInclude Include="..\source\Vege.h">
      <Filter>Fichiers d%27en-tête</Filter>
    </ClInclude>
  </ItemGroup>
  <ItemGroup>
    <ClCompile Include="..\source\Boisson.cpp">
      <Filter>Fichiers Source</Filter>
    </ClCompile>
    <ClCompile Include="..\source\Client.cpp">
      <Filter>Fichiers Source</Filter>
    </ClCompile>
    <ClCompile Include="..\source\ClientOccasionnel.cpp">
      <Filter>Fichiers Source</Filter>
    </ClCompile>
    <ClCompile Include="..\source\ClientPrestige.cpp">
      <Filter>Fichiers Source</Filter>
    </ClCompile>
    <ClCompile Include="..\source\ClientRegulier.cpp">
      <Filter>Fichiers Source</Filter>
    </ClCompile>
    <ClCompile Include="..\source\LectureFichierEnSections.cpp">
      <Filter>Fichiers Source</Filter>
    </ClCompile>
    <ClCompile Include="..\source\main.cpp">
      <Filter>Fichiers Source</Filter>
    </ClCompile>
    <ClCompile Include="..\source\Menu.cpp">
      <Filter>Fichiers Source</Filter>
    </ClCompile>
    <ClCompile Include="..\source\Plat.cpp">
      <Filter>Fichiers Source</Filter>
    </ClCompile>
    <ClCompile Include="..\source\PlatBio.cpp">
      <Filter>Fichiers Source</Filter>
    </ClCompile>
    <ClCompile Include="..\source\PlatBioVege.cpp">
      <Filter>Fichiers Source</Filter>
    </ClCompile>
    <ClCompile Include="..\source\PlatVege.cpp">
      <Filter>Fichiers Source</Filter>
    </ClCompile>
    <ClCompile Include="..\source\Restaurant.cpp">
      <Filter>Fichiers Source</Filter>
    </ClCompile>
    <ClCompile Include="..\source\Table.cpp">
      <Filter>Fichiers Source</Filter>
    </ClCompile>
    <ClCompile Include="..\source\Vege.cpp">
      <Filter>Fichiers Source</Filter>
    </ClCompile>
  </ItemGroup>
  <ItemGroup>
    <None Include="ClassDiagram.cd" />
  </ItemGroup>
</Project>